// !$*UTF8*$!
{
	archiveVersion = 1;
	classes = {
	};
	objectVersion = 50;
	objects = {

/* Begin PBXBuildFile section */
		84AF899F21F5A5DC00EAB8D0 /* AppDelegate.swift in Sources */ = {isa = PBXBuildFile; fileRef = 84AF899E21F5A5DC00EAB8D0 /* AppDelegate.swift */; };
		84AF89A121F5A5DC00EAB8D0 /* ViewController.swift in Sources */ = {isa = PBXBuildFile; fileRef = 84AF89A021F5A5DC00EAB8D0 /* ViewController.swift */; };
		84AF89A421F5A5DC00EAB8D0 /* Main.storyboard in Resources */ = {isa = PBXBuildFile; fileRef = 84AF89A221F5A5DC00EAB8D0 /* Main.storyboard */; };
		84AF89A621F5A5DD00EAB8D0 /* Assets.xcassets in Resources */ = {isa = PBXBuildFile; fileRef = 84AF89A521F5A5DD00EAB8D0 /* Assets.xcassets */; };
		84AF89A921F5A5DD00EAB8D0 /* LaunchScreen.storyboard in Resources */ = {isa = PBXBuildFile; fileRef = 84AF89A721F5A5DD00EAB8D0 /* LaunchScreen.storyboard */; };
		84AF89B421F5A5DD00EAB8D0 /* GramophoneTests.swift in Sources */ = {isa = PBXBuildFile; fileRef = 84AF89B321F5A5DD00EAB8D0 /* GramophoneTests.swift */; };
		84AF89BF21F5A5DD00EAB8D0 /* GramophoneUITests.swift in Sources */ = {isa = PBXBuildFile; fileRef = 84AF89BE21F5A5DD00EAB8D0 /* GramophoneUITests.swift */; };
/* End PBXBuildFile section */

/* Begin PBXContainerItemProxy section */
		84AF89B021F5A5DD00EAB8D0 /* PBXContainerItemProxy */ = {
			isa = PBXContainerItemProxy;
			containerPortal = 84AF899321F5A5DC00EAB8D0 /* Project object */;
			proxyType = 1;
			remoteGlobalIDString = 84AF899A21F5A5DC00EAB8D0;
			remoteInfo = Gramophone;
		};
		84AF89BB21F5A5DD00EAB8D0 /* PBXContainerItemProxy */ = {
			isa = PBXContainerItemProxy;
			containerPortal = 84AF899321F5A5DC00EAB8D0 /* Project object */;
			proxyType = 1;
			remoteGlobalIDString = 84AF899A21F5A5DC00EAB8D0;
			remoteInfo = Gramophone;
		};
/* End PBXContainerItemProxy section */

/* Begin PBXFileReference section */
		84AF899B21F5A5DC00EAB8D0 /* Gramophone.app */ = {isa = PBXFileReference; explicitFileType = wrapper.application; includeInIndex = 0; path = Gramophone.app; sourceTree = BUILT_PRODUCTS_DIR; };
		84AF899E21F5A5DC00EAB8D0 /* AppDelegate.swift */ = {isa = PBXFileReference; lastKnownFileType = sourcecode.swift; path = AppDelegate.swift; sourceTree = "<group>"; };
		84AF89A021F5A5DC00EAB8D0 /* ViewController.swift */ = {isa = PBXFileReference; lastKnownFileType = sourcecode.swift; path = ViewController.swift; sourceTree = "<group>"; };
		84AF89A321F5A5DC00EAB8D0 /* Base */ = {isa = PBXFileReference; lastKnownFileType = file.storyboard; name = Base; path = Base.lproj/Main.storyboard; sourceTree = "<group>"; };
		84AF89A521F5A5DD00EAB8D0 /* Assets.xcassets */ = {isa = PBXFileReference; lastKnownFileType = folder.assetcatalog; path = Assets.xcassets; sourceTree = "<group>"; };
		84AF89A821F5A5DD00EAB8D0 /* Base */ = {isa = PBXFileReference; lastKnownFileType = file.storyboard; name = Base; path = Base.lproj/LaunchScreen.storyboard; sourceTree = "<group>"; };
		84AF89AA21F5A5DD00EAB8D0 /* Info.plist */ = {isa = PBXFileReference; lastKnownFileType = text.plist.xml; path = Info.plist; sourceTree = "<group>"; };
		84AF89AF21F5A5DD00EAB8D0 /* GramophoneTests.xctest */ = {isa = PBXFileReference; explicitFileType = wrapper.cfbundle; includeInIndex = 0; path = GramophoneTests.xctest; sourceTree = BUILT_PRODUCTS_DIR; };
		84AF89B321F5A5DD00EAB8D0 /* GramophoneTests.swift */ = {isa = PBXFileReference; lastKnownFileType = sourcecode.swift; path = GramophoneTests.swift; sourceTree = "<group>"; };
		84AF89B521F5A5DD00EAB8D0 /* Info.plist */ = {isa = PBXFileReference; lastKnownFileType = text.plist.xml; path = Info.plist; sourceTree = "<group>"; };
		84AF89BA21F5A5DD00EAB8D0 /* GramophoneUITests.xctest */ = {isa = PBXFileReference; explicitFileType = wrapper.cfbundle; includeInIndex = 0; path = GramophoneUITests.xctest; sourceTree = BUILT_PRODUCTS_DIR; };
		84AF89BE21F5A5DD00EAB8D0 /* GramophoneUITests.swift */ = {isa = PBXFileReference; lastKnownFileType = sourcecode.swift; path = GramophoneUITests.swift; sourceTree = "<group>"; };
		84AF89C021F5A5DD00EAB8D0 /* Info.plist */ = {isa = PBXFileReference; lastKnownFileType = text.plist.xml; path = Info.plist; sourceTree = "<group>"; };
/* End PBXFileReference section */

/* Begin PBXFrameworksBuildPhase section */
		84AF899821F5A5DC00EAB8D0 /* Frameworks */ = {
			isa = PBXFrameworksBuildPhase;
			buildActionMask = 2147483647;
			files = (
			);
			runOnlyForDeploymentPostprocessing = 0;
		};
		84AF89AC21F5A5DD00EAB8D0 /* Frameworks */ = {
			isa = PBXFrameworksBuildPhase;
			buildActionMask = 2147483647;
			files = (
			);
			runOnlyForDeploymentPostprocessing = 0;
		};
		84AF89B721F5A5DD00EAB8D0 /* Frameworks */ = {
			isa = PBXFrameworksBuildPhase;
			buildActionMask = 2147483647;
			files = (
			);
			runOnlyForDeploymentPostprocessing = 0;
		};
/* End PBXFrameworksBuildPhase section */

/* Begin PBXGroup section */
		84AF899221F5A5DC00EAB8D0 = {
			isa = PBXGroup;
			children = (
				84AF899D21F5A5DC00EAB8D0 /* Gramophone */,
				84AF89B221F5A5DD00EAB8D0 /* GramophoneTests */,
				84AF89BD21F5A5DD00EAB8D0 /* GramophoneUITests */,
				84AF899C21F5A5DC00EAB8D0 /* Products */,
			);
			sourceTree = "<group>";
		};
		84AF899C21F5A5DC00EAB8D0 /* Products */ = {
			isa = PBXGroup;
			children = (
				84AF899B21F5A5DC00EAB8D0 /* Gramophone.app */,
				84AF89AF21F5A5DD00EAB8D0 /* GramophoneTests.xctest */,
				84AF89BA21F5A5DD00EAB8D0 /* GramophoneUITests.xctest */,
			);
			name = Products;
			sourceTree = "<group>";
		};
		84AF899D21F5A5DC00EAB8D0 /* Gramophone */ = {
			isa = PBXGroup;
			children = (
				84AF899E21F5A5DC00EAB8D0 /* AppDelegate.swift */,
				84AF89A021F5A5DC00EAB8D0 /* ViewController.swift */,
				84AF89A221F5A5DC00EAB8D0 /* Main.storyboard */,
				84AF89A521F5A5DD00EAB8D0 /* Assets.xcassets */,
				84AF89A721F5A5DD00EAB8D0 /* LaunchScreen.storyboard */,
				84AF89AA21F5A5DD00EAB8D0 /* Info.plist */,
			);
			path = Gramophone;
			sourceTree = "<group>";
		};
		84AF89B221F5A5DD00EAB8D0 /* GramophoneTests */ = {
			isa = PBXGroup;
			children = (
				84AF89B321F5A5DD00EAB8D0 /* GramophoneTests.swift */,
				84AF89B521F5A5DD00EAB8D0 /* Info.plist */,
			);
			path = GramophoneTests;
			sourceTree = "<group>";
		};
		84AF89BD21F5A5DD00EAB8D0 /* GramophoneUITests */ = {
			isa = PBXGroup;
			children = (
				84AF89BE21F5A5DD00EAB8D0 /* GramophoneUITests.swift */,
				84AF89C021F5A5DD00EAB8D0 /* Info.plist */,
			);
			path = GramophoneUITests;
			sourceTree = "<group>";
		};
/* End PBXGroup section */

/* Begin PBXNativeTarget section */
		84AF899A21F5A5DC00EAB8D0 /* Gramophone */ = {
			isa = PBXNativeTarget;
			buildConfigurationList = 84AF89C321F5A5DD00EAB8D0 /* Build configuration list for PBXNativeTarget "Gramophone" */;
			buildPhases = (
				84AF899721F5A5DC00EAB8D0 /* Sources */,
				84AF899821F5A5DC00EAB8D0 /* Frameworks */,
				84AF899921F5A5DC00EAB8D0 /* Resources */,
			);
			buildRules = (
			);
			dependencies = (
			);
			name = Gramophone;
			productName = Gramophone;
			productReference = 84AF899B21F5A5DC00EAB8D0 /* Gramophone.app */;
			productType = "com.apple.product-type.application";
		};
		84AF89AE21F5A5DD00EAB8D0 /* GramophoneTests */ = {
			isa = PBXNativeTarget;
			buildConfigurationList = 84AF89C621F5A5DD00EAB8D0 /* Build configuration list for PBXNativeTarget "GramophoneTests" */;
			buildPhases = (
				84AF89AB21F5A5DD00EAB8D0 /* Sources */,
				84AF89AC21F5A5DD00EAB8D0 /* Frameworks */,
				84AF89AD21F5A5DD00EAB8D0 /* Resources */,
			);
			buildRules = (
			);
			dependencies = (
				84AF89B121F5A5DD00EAB8D0 /* PBXTargetDependency */,
			);
			name = GramophoneTests;
			productName = GramophoneTests;
			productReference = 84AF89AF21F5A5DD00EAB8D0 /* GramophoneTests.xctest */;
			productType = "com.apple.product-type.bundle.unit-test";
		};
		84AF89B921F5A5DD00EAB8D0 /* GramophoneUITests */ = {
			isa = PBXNativeTarget;
			buildConfigurationList = 84AF89C921F5A5DD00EAB8D0 /* Build configuration list for PBXNativeTarget "GramophoneUITests" */;
			buildPhases = (
				84AF89B621F5A5DD00EAB8D0 /* Sources */,
				84AF89B721F5A5DD00EAB8D0 /* Frameworks */,
				84AF89B821F5A5DD00EAB8D0 /* Resources */,
			);
			buildRules = (
			);
			dependencies = (
				84AF89BC21F5A5DD00EAB8D0 /* PBXTargetDependency */,
			);
			name = GramophoneUITests;
			productName = GramophoneUITests;
			productReference = 84AF89BA21F5A5DD00EAB8D0 /* GramophoneUITests.xctest */;
			productType = "com.apple.product-type.bundle.ui-testing";
		};
/* End PBXNativeTarget section */

/* Begin PBXProject section */
		84AF899321F5A5DC00EAB8D0 /* Project object */ = {
			isa = PBXProject;
			attributes = {
				LastSwiftUpdateCheck = 1000;
				LastUpgradeCheck = 1000;
				ORGANIZATIONNAME = admin;
				TargetAttributes = {
					84AF899A21F5A5DC00EAB8D0 = {
						CreatedOnToolsVersion = 10.0;
					};
					84AF89AE21F5A5DD00EAB8D0 = {
						CreatedOnToolsVersion = 10.0;
						TestTargetID = 84AF899A21F5A5DC00EAB8D0;
					};
					84AF89B921F5A5DD00EAB8D0 = {
						CreatedOnToolsVersion = 10.0;
						TestTargetID = 84AF899A21F5A5DC00EAB8D0;
					};
				};
			};
			buildConfigurationList = 84AF899621F5A5DC00EAB8D0 /* Build configuration list for PBXProject "Gramophone" */;
			compatibilityVersion = "Xcode 9.3";
			developmentRegion = en;
			hasScannedForEncodings = 0;
			knownRegions = (
				en,
				Base,
			);
			mainGroup = 84AF899221F5A5DC00EAB8D0;
			productRefGroup = 84AF899C21F5A5DC00EAB8D0 /* Products */;
			projectDirPath = "";
			projectRoot = "";
			targets = (
				84AF899A21F5A5DC00EAB8D0 /* Gramophone */,
				84AF89AE21F5A5DD00EAB8D0 /* GramophoneTests */,
				84AF89B921F5A5DD00EAB8D0 /* GramophoneUITests */,
			);
		};
/* End PBXProject section */

/* Begin PBXResourcesBuildPhase section */
		84AF899921F5A5DC00EAB8D0 /* Resources */ = {
			isa = PBXResourcesBuildPhase;
			buildActionMask = 2147483647;
			files = (
				84AF89A921F5A5DD00EAB8D0 /* LaunchScreen.storyboard in Resources */,
				84AF89A621F5A5DD00EAB8D0 /* Assets.xcassets in Resources */,
				84AF89A421F5A5DC00EAB8D0 /* Main.storyboard in Resources */,
			);
			runOnlyForDeploymentPostprocessing = 0;
		};
		84AF89AD21F5A5DD00EAB8D0 /* Resources */ = {
			isa = PBXResourcesBuildPhase;
			buildActionMask = 2147483647;
			files = (
			);
			runOnlyForDeploymentPostprocessing = 0;
		};
		84AF89B821F5A5DD00EAB8D0 /* Resources */ = {
			isa = PBXResourcesBuildPhase;
			buildActionMask = 2147483647;
			files = (
			);
			runOnlyForDeploymentPostprocessing = 0;
		};
/* End PBXResourcesBuildPhase section */

/* Begin PBXSourcesBuildPhase section */
		84AF899721F5A5DC00EAB8D0 /* Sources */ = {
			isa = PBXSourcesBuildPhase;
			buildActionMask = 2147483647;
			files = (
				84AF89A121F5A5DC00EAB8D0 /* ViewController.swift in Sources */,
				84AF899F21F5A5DC00EAB8D0 /* AppDelegate.swift in Sources */,
			);
			runOnlyForDeploymentPostprocessing = 0;
		};
		84AF89AB21F5A5DD00EAB8D0 /* Sources */ = {
			isa = PBXSourcesBuildPhase;
			buildActionMask = 2147483647;
			files = (
				84AF89B421F5A5DD00EAB8D0 /* GramophoneTests.swift in Sources */,
			);
			runOnlyForDeploymentPostprocessing = 0;
		};
		84AF89B621F5A5DD00EAB8D0 /* Sources */ = {
			isa = PBXSourcesBuildPhase;
			buildActionMask = 2147483647;
			files = (
				84AF89BF21F5A5DD00EAB8D0 /* GramophoneUITests.swift in Sources */,
			);
			runOnlyForDeploymentPostprocessing = 0;
		};
/* End PBXSourcesBuildPhase section */

/* Begin PBXTargetDependency section */
		84AF89B121F5A5DD00EAB8D0 /* PBXTargetDependency */ = {
			isa = PBXTargetDependency;
			target = 84AF899A21F5A5DC00EAB8D0 /* Gramophone */;
			targetProxy = 84AF89B021F5A5DD00EAB8D0 /* PBXContainerItemProxy */;
		};
		84AF89BC21F5A5DD00EAB8D0 /* PBXTargetDependency */ = {
			isa = PBXTargetDependency;
			target = 84AF899A21F5A5DC00EAB8D0 /* Gramophone */;
			targetProxy = 84AF89BB21F5A5DD00EAB8D0 /* PBXContainerItemProxy */;
		};
/* End PBXTargetDependency section */

/* Begin PBXVariantGroup section */
		84AF89A221F5A5DC00EAB8D0 /* Main.storyboard */ = {
			isa = PBXVariantGroup;
			children = (
				84AF89A321F5A5DC00EAB8D0 /* Base */,
			);
			name = Main.storyboard;
			sourceTree = "<group>";
		};
		84AF89A721F5A5DD00EAB8D0 /* LaunchScreen.storyboard */ = {
			isa = PBXVariantGroup;
			children = (
				84AF89A821F5A5DD00EAB8D0 /* Base */,
			);
			name = LaunchScreen.storyboard;
			sourceTree = "<group>";
		};
/* End PBXVariantGroup section */

/* Begin XCBuildConfiguration section */
		84AF89C121F5A5DD00EAB8D0 /* Debug */ = {
			isa = XCBuildConfiguration;
			buildSettings = {
				ALWAYS_SEARCH_USER_PATHS = NO;
				CLANG_ANALYZER_NONNULL = YES;
				CLANG_ANALYZER_NUMBER_OBJECT_CONVERSION = YES_AGGRESSIVE;
				CLANG_CXX_LANGUAGE_STANDARD = "gnu++14";
				CLANG_CXX_LIBRARY = "libc++";
				CLANG_ENABLE_MODULES = YES;
				CLANG_ENABLE_OBJC_ARC = YES;
				CLANG_ENABLE_OBJC_WEAK = YES;
				CLANG_WARN_BLOCK_CAPTURE_AUTORELEASING = YES;
				CLANG_WARN_BOOL_CONVERSION = YES;
				CLANG_WARN_COMMA = YES;
				CLANG_WARN_CONSTANT_CONVERSION = YES;
				CLANG_WARN_DEPRECATED_OBJC_IMPLEMENTATIONS = YES;
				CLANG_WARN_DIRECT_OBJC_ISA_USAGE = YES_ERROR;
				CLANG_WARN_DOCUMENTATION_COMMENTS = YES;
				CLANG_WARN_EMPTY_BODY = YES;
				CLANG_WARN_ENUM_CONVERSION = YES;
				CLANG_WARN_INFINITE_RECURSION = YES;
				CLANG_WARN_INT_CONVERSION = YES;
				CLANG_WARN_NON_LITERAL_NULL_CONVERSION = YES;
				CLANG_WARN_OBJC_IMPLICIT_RETAIN_SELF = YES;
				CLANG_WARN_OBJC_LITERAL_CONVERSION = YES;
				CLANG_WARN_OBJC_ROOT_CLASS = YES_ERROR;
				CLANG_WARN_RANGE_LOOP_ANALYSIS = YES;
				CLANG_WARN_STRICT_PROTOTYPES = YES;
				CLANG_WARN_SUSPICIOUS_MOVE = YES;
				CLANG_WARN_UNGUARDED_AVAILABILITY = YES_AGGRESSIVE;
				CLANG_WARN_UNREACHABLE_CODE = YES;
				CLANG_WARN__DUPLICATE_METHOD_MATCH = YES;
				CODE_SIGN_IDENTITY = "iPhone Developer";
				COPY_PHASE_STRIP = NO;
				DEBUG_INFORMATION_FORMAT = dwarf;
				ENABLE_STRICT_OBJC_MSGSEND = YES;
				ENABLE_TESTABILITY = YES;
				GCC_C_LANGUAGE_STANDARD = gnu11;
				GCC_DYNAMIC_NO_PIC = NO;
				GCC_NO_COMMON_BLOCKS = YES;
				GCC_OPTIMIZATION_LEVEL = 0;
				GCC_PREPROCESSOR_DEFINITIONS = (
					"DEBUG=1",
					"$(inherited)",
				);
				GCC_WARN_64_TO_32_BIT_CONVERSION = YES;
				GCC_WARN_ABOUT_RETURN_TYPE = YES_ERROR;
				GCC_WARN_UNDECLARED_SELECTOR = YES;
				GCC_WARN_UNINITIALIZED_AUTOS = YES_AGGRESSIVE;
				GCC_WARN_UNUSED_FUNCTION = YES;
				GCC_WARN_UNUSED_VARIABLE = YES;
				IPHONEOS_DEPLOYMENT_TARGET = 12.0;
				MTL_ENABLE_DEBUG_INFO = INCLUDE_SOURCE;
				MTL_FAST_MATH = YES;
				ONLY_ACTIVE_ARCH = YES;
				SDKROOT = iphoneos;
				SWIFT_ACTIVE_COMPILATION_CONDITIONS = DEBUG;
				SWIFT_OPTIMIZATION_LEVEL = "-Onone";
			};
			name = Debug;
		};
		84AF89C221F5A5DD00EAB8D0 /* Release */ = {
			isa = XCBuildConfiguration;
			buildSettings = {
				ALWAYS_SEARCH_USER_PATHS = NO;
				CLANG_ANALYZER_NONNULL = YES;
				CLANG_ANALYZER_NUMBER_OBJECT_CONVERSION = YES_AGGRESSIVE;
				CLANG_CXX_LANGUAGE_STANDARD = "gnu++14";
				CLANG_CXX_LIBRARY = "libc++";
				CLANG_ENABLE_MODULES = YES;
				CLANG_ENABLE_OBJC_ARC = YES;
				CLANG_ENABLE_OBJC_WEAK = YES;
				CLANG_WARN_BLOCK_CAPTURE_AUTORELEASING = YES;
				CLANG_WARN_BOOL_CONVERSION = YES;
				CLANG_WARN_COMMA = YES;
				CLANG_WARN_CONSTANT_CONVERSION = YES;
				CLANG_WARN_DEPRECATED_OBJC_IMPLEMENTATIONS = YES;
				CLANG_WARN_DIRECT_OBJC_ISA_USAGE = YES_ERROR;
				CLANG_WARN_DOCUMENTATION_COMMENTS = YES;
				CLANG_WARN_EMPTY_BODY = YES;
				CLANG_WARN_ENUM_CONVERSION = YES;
				CLANG_WARN_INFINITE_RECURSION = YES;
				CLANG_WARN_INT_CONVERSION = YES;
				CLANG_WARN_NON_LITERAL_NULL_CONVERSION = YES;
				CLANG_WARN_OBJC_IMPLICIT_RETAIN_SELF = YES;
				CLANG_WARN_OBJC_LITERAL_CONVERSION = YES;
				CLANG_WARN_OBJC_ROOT_CLASS = YES_ERROR;
				CLANG_WARN_RANGE_LOOP_ANALYSIS = YES;
				CLANG_WARN_STRICT_PROTOTYPES = YES;
				CLANG_WARN_SUSPICIOUS_MOVE = YES;
				CLANG_WARN_UNGUARDED_AVAILABILITY = YES_AGGRESSIVE;
				CLANG_WARN_UNREACHABLE_CODE = YES;
				CLANG_WARN__DUPLICATE_METHOD_MATCH = YES;
				CODE_SIGN_IDENTITY = "iPhone Developer";
				COPY_PHASE_STRIP = NO;
				DEBUG_INFORMATION_FORMAT = "dwarf-with-dsym";
				ENABLE_NS_ASSERTIONS = NO;
				ENABLE_STRICT_OBJC_MSGSEND = YES;
				GCC_C_LANGUAGE_STANDARD = gnu11;
				GCC_NO_COMMON_BLOCKS = YES;
				GCC_WARN_64_TO_32_BIT_CONVERSION = YES;
				GCC_WARN_ABOUT_RETURN_TYPE = YES_ERROR;
				GCC_WARN_UNDECLARED_SELECTOR = YES;
				GCC_WARN_UNINITIALIZED_AUTOS = YES_AGGRESSIVE;
				GCC_WARN_UNUSED_FUNCTION = YES;
				GCC_WARN_UNUSED_VARIABLE = YES;
				IPHONEOS_DEPLOYMENT_TARGET = 12.0;
				MTL_ENABLE_DEBUG_INFO = NO;
				MTL_FAST_MATH = YES;
				SDKROOT = iphoneos;
				SWIFT_COMPILATION_MODE = wholemodule;
				SWIFT_OPTIMIZATION_LEVEL = "-O";
				VALIDATE_PRODUCT = YES;
			};
			name = Release;
		};
		84AF89C421F5A5DD00EAB8D0 /* Debug */ = {
			isa = XCBuildConfiguration;
			buildSettings = {
				ASSETCATALOG_COMPILER_APPICON_NAME = AppIcon;
				CODE_SIGN_STYLE = Automatic;
				DEVELOPMENT_TEAM = G8S6X8B5D2;
				INFOPLIST_FILE = Gramophone/Info.plist;
				LD_RUNPATH_SEARCH_PATHS = (
					"$(inherited)",
					"@executable_path/Frameworks",
				);
				PRODUCT_BUNDLE_IDENTIFIER = monitoring.Gramophone;
				PRODUCT_NAME = "$(TARGET_NAME)";
				SWIFT_VERSION = 4.2;
				TARGETED_DEVICE_FAMILY = "1,2";
			};
			name = Debug;
		};
		84AF89C521F5A5DD00EAB8D0 /* Release */ = {
			isa = XCBuildConfiguration;
			buildSettings = {
				ASSETCATALOG_COMPILER_APPICON_NAME = AppIcon;
				CODE_SIGN_STYLE = Automatic;
				DEVELOPMENT_TEAM = G8S6X8B5D2;
				INFOPLIST_FILE = Gramophone/Info.plist;
				LD_RUNPATH_SEARCH_PATHS = (
					"$(inherited)",
					"@executable_path/Frameworks",
				);
				PRODUCT_BUNDLE_IDENTIFIER = monitoring.Gramophone;
				PRODUCT_NAME = "$(TARGET_NAME)";
				SWIFT_VERSION = 4.2;
				TARGETED_DEVICE_FAMILY = "1,2";
			};
			name = Release;
		};
		84AF89C721F5A5DD00EAB8D0 /* Debug */ = {
			isa = XCBuildConfiguration;
			buildSettings = {
				ALWAYS_EMBED_SWIFT_STANDARD_LIBRARIES = YES;
				BUNDLE_LOADER = "$(TEST_HOST)";
				CODE_SIGN_STYLE = Automatic;
				DEVELOPMENT_TEAM = G8S6X8B5D2;
				INFOPLIST_FILE = GramophoneTests/Info.plist;
				LD_RUNPATH_SEARCH_PATHS = (
					"$(inherited)",
					"@executable_path/Frameworks",
					"@loader_path/Frameworks",
				);
				PRODUCT_BUNDLE_IDENTIFIER = monitoring.GramophoneTests;
				PRODUCT_NAME = "$(TARGET_NAME)";
				SWIFT_VERSION = 4.2;
				TARGETED_DEVICE_FAMILY = "1,2";
				TEST_HOST = "$(BUILT_PRODUCTS_DIR)/Gramophone.app/Gramophone";
			};
			name = Debug;
		};
		84AF89C821F5A5DD00EAB8D0 /* Release */ = {
			isa = XCBuildConfiguration;
			buildSettings = {
				ALWAYS_EMBED_SWIFT_STANDARD_LIBRARIES = YES;
				BUNDLE_LOADER = "$(TEST_HOST)";
				CODE_SIGN_STYLE = Automatic;
				DEVELOPMENT_TEAM = G8S6X8B5D2;
				INFOPLIST_FILE = GramophoneTests/Info.plist;
				LD_RUNPATH_SEARCH_PATHS = (
					"$(inherited)",
					"@executable_path/Frameworks",
					"@loader_path/Frameworks",
				);
				PRODUCT_BUNDLE_IDENTIFIER = monitoring.GramophoneTests;
				PRODUCT_NAME = "$(TARGET_NAME)";
				SWIFT_VERSION = 4.2;
				TARGETED_DEVICE_FAMILY = "1,2";
				TEST_HOST = "$(BUILT_PRODUCTS_DIR)/Gramophone.app/Gramophone";
			};
			name = Release;
		};
		84AF89CA21F5A5DD00EAB8D0 /* Debug */ = {
			isa = XCBuildConfiguration;
			buildSettings = {
				ALWAYS_EMBED_SWIFT_STANDARD_LIBRARIES = YES;
				CODE_SIGN_STYLE = Automatic;
				DEVELOPMENT_TEAM = G8S6X8B5D2;
				INFOPLIST_FILE = GramophoneUITests/Info.plist;
				LD_RUNPATH_SEARCH_PATHS = (
					"$(inherited)",
					"@executable_path/Frameworks",
					"@loader_path/Frameworks",
				);
				PRODUCT_BUNDLE_IDENTIFIER = monitoring.GramophoneUITests;
				PRODUCT_NAME = "$(TARGET_NAME)";
				SWIFT_VERSION = 4.2;
				TARGETED_DEVICE_FAMILY = "1,2";
				TEST_TARGET_NAME = Gramophone;
			};
			name = Debug;
		};
		84AF89CB21F5A5DD00EAB8D0 /* Release */ = {
			isa = XCBuildConfiguration;
			buildSettings = {
				ALWAYS_EMBED_SWIFT_STANDARD_LIBRARIES = YES;
				CODE_SIGN_STYLE = Automatic;
				DEVELOPMENT_TEAM = G8S6X8B5D2;
				INFOPLIST_FILE = GramophoneUITests/Info.plist;
				LD_RUNPATH_SEARCH_PATHS = (
					"$(inherited)",
					"@executable_path/Frameworks",
					"@loader_path/Frameworks",
				);
				PRODUCT_BUNDLE_IDENTIFIER = monitoring.GramophoneUITests;
				PRODUCT_NAME = "$(TARGET_NAME)";
				SWIFT_VERSION = 4.2;
				TARGETED_DEVICE_FAMILY = "1,2";
				TEST_TARGET_NAME = Gramophone;
			};
			name = Release;
		};
/* End XCBuildConfiguration section */

/* Begin XCConfigurationList section */
		84AF899621F5A5DC00EAB8D0 /* Build configuration list for PBXProject "Gramophone" */ = {
			isa = XCConfigurationList;
			buildConfigurations = (
				84AF89C121F5A5DD00EAB8D0 /* Debug */,
				84AF89C221F5A5DD00EAB8D0 /* Release */,
			);
			defaultConfigurationIsVisible = 0;
			defaultConfigurationName = Release;
		};
		84AF89C321F5A5DD00EAB8D0 /* Build configuration list for PBXNativeTarget "Gramophone" */ = {
			isa = XCConfigurationList;
			buildConfigurations = (
				84AF89C421F5A5DD00EAB8D0 /* Debug */,
				84AF89C521F5A5DD00EAB8D0 /* Release */,
			);
			defaultConfigurationIsVisible = 0;
			defaultConfigurationName = Release;
		};
		84AF89C621F5A5DD00EAB8D0 /* Build configuration list for PBXNativeTarget "GramophoneTests" */ = {
			isa = XCConfigurationList;
			buildConfigurations = (
				84AF89C721F5A5DD00EAB8D0 /* Debug */,
				84AF89C821F5A5DD00EAB8D0 /* Release */,
			);
			defaultConfigurationIsVisible = 0;
			defaultConfigurationName = Release;
		};
		84AF89C921F5A5DD00EAB8D0 /* Build configuration list for PBXNativeTarget "GramophoneUITests" */ = {
			isa = XCConfigurationList;
			buildConfigurations = (
				84AF89CA21F5A5DD00EAB8D0 /* Debug */,
				84AF89CB21F5A5DD00EAB8D0 /* Release */,
			);
			defaultConfigurationIsVisible = 0;
			defaultConfigurationName = Release;
		};
/* End XCConfigurationList section */
	};
	rootObject = 84AF899321F5A5DC00EAB8D0 /* Project object */;
}
